
Microsoft Visual Studio Solution File, Format Version 12.00
# Visual Studio Version 17
VisualStudioVersion = 17.4.33213.308
MinimumVisualStudioVersion = 10.0.40219.1
Project("{FAE04EC0-301F-11D3-BF4B-00C04F79EFBC}") = "Xadre-console", "Xadrez-console\Xadre-console.csproj", "{B715D520-B57B-4777-B958-BF893B0F87C7}"
EndProject
Global
	GlobalSection(SolutionConfigurationPlatforms) = preSolution
		Debug|Any CPU = Debug|Any CPU
		Release|Any CPU = Release|Any CPU
	EndGlobalSection
	GlobalSection(ProjectConfigurationPlatforms) = postSolution
		{B715D520-B57B-4777-B958-BF893B0F87C7}.Debug|Any CPU.ActiveCfg = Debug|Any CPU
		{B715D520-B57B-4777-B958-BF893B0F87C7}.Debug|Any CPU.Build.0 = Debug|Any CPU
		{B715D520-B57B-4777-B958-BF893B0F87C7}.Release|Any CPU.ActiveCfg = Release|Any CPU
		{B715D520-B57B-4777-B958-BF893B0F87C7}.Release|Any CPU.Build.0 = Release|Any CPU
	EndGlobalSection
	GlobalSection(SolutionProperties) = preSolution
		HideSolutionNode = FALSE
	EndGlobalSection
	GlobalSection(ExtensibilityGlobals) = postSolution
		SolutionGuid = {CC1CEDB9-ABAD-4443-A2E4-28412567073F}
	EndGlobalSection
EndGlobal
